
Microsoft Visual Studio Solution File, Format Version 12.00
# Visual Studio Version 17
VisualStudioVersion = 17.7.34221.43
MinimumVisualStudioVersion = 10.0.40219.1
Project("{FAE04EC0-301F-11D3-BF4B-00C04F79EFBC}") = "WinFormsApp_ide", "WinFormsApp_ide\WinFormsApp_ide.csproj", "{D2775542-24CD-4BBC-B2B2-DEE8749C0CE8}"
EndProject
Global
	GlobalSection(SolutionConfigurationPlatforms) = preSolution
		Debug|Any CPU = Debug|Any CPU
		Release|Any CPU = Release|Any CPU
	EndGlobalSection
	GlobalSection(ProjectConfigurationPlatforms) = postSolution
		{D2775542-24CD-4BBC-B2B2-DEE8749C0CE8}.Debug|Any CPU.ActiveCfg = Debug|Any CPU
		{D2775542-24CD-4BBC-B2B2-DEE8749C0CE8}.Debug|Any CPU.Build.0 = Debug|Any CPU
		{D2775542-24CD-4BBC-B2B2-DEE8749C0CE8}.Release|Any CPU.ActiveCfg = Release|Any CPU
		{D2775542-24CD-4BBC-B2B2-DEE8749C0CE8}.Release|Any CPU.Build.0 = Release|Any CPU
	EndGlobalSection
	GlobalSection(SolutionProperties) = preSolution
		HideSolutionNode = FALSE
	EndGlobalSection
	GlobalSection(ExtensibilityGlobals) = postSolution
		SolutionGuid = {F6D4B9C6-793D-4DAF-B69A-6A6E08F7A755}
	EndGlobalSection
EndGlobal
